
Microsoft Visual Studio Solution File, Format Version 12.00
# Visual Studio Version 16
VisualStudioVersion = 16.0.30114.105
MinimumVisualStudioVersion = 10.0.40219.1
Project("{FAE04EC0-301F-11D3-BF4B-00C04F79EFBC}") = "Compiler", "Compiler\Compiler.csproj", "{1E3FA1FD-86A4-4194-8004-085AF8833DED}"
EndProject
Global
	GlobalSection(SolutionConfigurationPlatforms) = preSolution
		Debug|Any CPU = Debug|Any CPU
		Release|Any CPU = Release|Any CPU
	EndGlobalSection
	GlobalSection(ProjectConfigurationPlatforms) = postSolution
		{1E3FA1FD-86A4-4194-8004-085AF8833DED}.Debug|Any CPU.ActiveCfg = Debug|Any CPU
		{1E3FA1FD-86A4-4194-8004-085AF8833DED}.Debug|Any CPU.Build.0 = Debug|Any CPU
		{1E3FA1FD-86A4-4194-8004-085AF8833DED}.Release|Any CPU.ActiveCfg = Release|Any CPU
		{1E3FA1FD-86A4-4194-8004-085AF8833DED}.Release|Any CPU.Build.0 = Release|Any CPU
	EndGlobalSection
	GlobalSection(SolutionProperties) = preSolution
		HideSolutionNode = FALSE
	EndGlobalSection
	GlobalSection(ExtensibilityGlobals) = postSolution
		SolutionGuid = {506E508C-58AD-4B8F-BD17-DA749EB80AA3}
	EndGlobalSection
EndGlobal
